
Microsoft Visual Studio Solution File, Format Version 12.00
# Visual Studio Version 17
VisualStudioVersion = 17.5.33414.496
MinimumVisualStudioVersion = 10.0.40219.1
Project("{9A19103F-16F7-4668-BE54-9A1E7A4F7556}") = "ChatService", "ChatService\ChatService.csproj", "{61C7B518-C98C-4E17-A15B-B6EA870EE2F6}"
EndProject
Project("{9A19103F-16F7-4668-BE54-9A1E7A4F7556}") = "ChatDatabase", "ChatDatabase\ChatDatabase.csproj", "{A855D8C7-5FBB-4944-88E7-47A9F2A881D1}"
EndProject
Project("{9A19103F-16F7-4668-BE54-9A1E7A4F7556}") = "ChatDataTypes", "ChatDataTypes\ChatDataTypes.csproj", "{814D1865-0080-42D1-AC78-75560EEE5722}"
EndProject
Project("{FAE04EC0-301F-11D3-BF4B-00C04F79EFBC}") = "ChatRepository", "ChatRepository\ChatRepository.csproj", "{20BBDF1D-CB71-447B-841B-BA32E73D732F}"
EndProject
Global
	GlobalSection(SolutionConfigurationPlatforms) = preSolution
		Debug|Any CPU = Debug|Any CPU
		Release|Any CPU = Release|Any CPU
	EndGlobalSection
	GlobalSection(ProjectConfigurationPlatforms) = postSolution
		{61C7B518-C98C-4E17-A15B-B6EA870EE2F6}.Debug|Any CPU.ActiveCfg = Debug|Any CPU
		{61C7B518-C98C-4E17-A15B-B6EA870EE2F6}.Debug|Any CPU.Build.0 = Debug|Any CPU
		{61C7B518-C98C-4E17-A15B-B6EA870EE2F6}.Release|Any CPU.ActiveCfg = Release|Any CPU
		{61C7B518-C98C-4E17-A15B-B6EA870EE2F6}.Release|Any CPU.Build.0 = Release|Any CPU
		{A855D8C7-5FBB-4944-88E7-47A9F2A881D1}.Debug|Any CPU.ActiveCfg = Debug|Any CPU
		{A855D8C7-5FBB-4944-88E7-47A9F2A881D1}.Debug|Any CPU.Build.0 = Debug|Any CPU
		{A855D8C7-5FBB-4944-88E7-47A9F2A881D1}.Release|Any CPU.ActiveCfg = Release|Any CPU
		{A855D8C7-5FBB-4944-88E7-47A9F2A881D1}.Release|Any CPU.Build.0 = Release|Any CPU
		{814D1865-0080-42D1-AC78-75560EEE5722}.Debug|Any CPU.ActiveCfg = Debug|Any CPU
		{814D1865-0080-42D1-AC78-75560EEE5722}.Debug|Any CPU.Build.0 = Debug|Any CPU
		{814D1865-0080-42D1-AC78-75560EEE5722}.Release|Any CPU.ActiveCfg = Release|Any CPU
		{814D1865-0080-42D1-AC78-75560EEE5722}.Release|Any CPU.Build.0 = Release|Any CPU
		{20BBDF1D-CB71-447B-841B-BA32E73D732F}.Debug|Any CPU.ActiveCfg = Debug|Any CPU
		{20BBDF1D-CB71-447B-841B-BA32E73D732F}.Debug|Any CPU.Build.0 = Debug|Any CPU
		{20BBDF1D-CB71-447B-841B-BA32E73D732F}.Release|Any CPU.ActiveCfg = Release|Any CPU
		{20BBDF1D-CB71-447B-841B-BA32E73D732F}.Release|Any CPU.Build.0 = Release|Any CPU
	EndGlobalSection
	GlobalSection(SolutionProperties) = preSolution
		HideSolutionNode = FALSE
	EndGlobalSection
	GlobalSection(ExtensibilityGlobals) = postSolution
		SolutionGuid = {7443F437-4C4F-4146-89BF-C882004DAAF3}
	EndGlobalSection
EndGlobal
